%{
  "jason": {:hex, :jason, "1.2.2", "ba43e3f2709fd1aa1dce90aaabfd039d000469c05c56f0b8e31978e03fa39052", [:mix], [{:decimal, "~> 1.0 or ~> 2.0", [hex: :decimal, repo: "hexpm", optional: true]}], "hexpm", "18a228f5f0058ee183f29f9eae0805c6e59d61c3b006760668d8d18ff0d12179"},
  "pane": {:hex, :pane, "0.4.1", "ca4275b5799066d52c857e7b0deb2feaba409d607419fe54cde056329d247a89", [:mix], [], "hexpm", "27a292ca86f52d4777422930c17fd4a12eaa930d86a6193665c452f94a04ff8a"},
  "scribe": {:hex, :scribe, "0.10.0", "90e61b21fee884f58b955d1f45d7fa3e75f161ecb62bad8af6087aef3955c74f", [:mix], [{:pane, "~> 0.2", [hex: :pane, repo: "hexpm", optional: false]}], "hexpm", "3829da9c6a28b2105f0ec50e40f447bf768fb7d96717fbfceb602573f1a3c62e"},
}
